github.com/Gentoo-zh/gentoozh-theme v0.2.0 h1:4oLDnuaN6ODU0S2eb9F9s6PzgVqS0p3S400QrNKGwlM=
github.com/Gentoo-zh/gentoozh-theme v0.2.0/go.mod h1:o/R2klszEbaJH+qCftvCK9HWPm2hezgIBh4pELM4aCo=
github.com/Gentoo-zh/gentoozh-theme v0.3.0 h1:PkXzHUvPHuuyC/q+urdJdzVMzV4fKP6Uot10kk/irfQ=
github.com/Gentoo-zh/gentoozh-theme v0.3.0/go.mod h1:o/R2klszEbaJH+qCftvCK9HWPm2hezgIBh4pELM4aCo=
github.com/Gentoo-zh/gentoozh-theme v0.3.1 h1:aLQC8rukZsiCvLIm7UrNMBTUrjjwQqLY4T7kb9N2vJs=
github.com/Gentoo-zh/gentoozh-theme v0.3.1/go.mod h1:o/R2klszEbaJH+qCftvCK9HWPm2hezgIBh4pELM4aCo=
github.com/Gentoo-zh/gentoozh-theme v0.3.2 h1:LZcyxUePZFHmq2+q/SdUtDhhlQ1veSsRT59Bnf/emGA=
github.com/Gentoo-zh/gentoozh-theme v0.3.2/go.mod h1:o/R2klszEbaJH+qCftvCK9HWPm2hezgIBh4pELM4aCo=
github.com/Gentoo-zh/gentoozh-theme v0.3.3 h1:dh4IE5GXjtuiMV/w48+eCnV6c3EJxpt+JI2mxei8Vo4=
github.com/Gentoo-zh/gentoozh-theme v0.3.3/go.mod h1:o/R2klszEbaJH+qCftvCK9HWPm2hezgIBh4pELM4aCo=
github.com/Gentoo-zh/gentoozh-theme v0.3.4 h1:ipjPpgF2DhBGyayMWbeZjTc+UVJc74rtonPyE1bs8So=
github.com/Gentoo-zh/gentoozh-theme v0.3.4/go.mod h1:o/R2klszEbaJH+qCftvCK9HWPm2hezgIBh4pELM4aCo=
github.com/Gentoo-zh/gentoozh-theme v0.3.5 h1:ED8YVme65ghuJGrZU1U5D0HiX7nKh4illUySF8Hssg8=
github.com/Gentoo-zh/gentoozh-theme v0.3.5/go.mod h1:o/R2klszEbaJH+qCftvCK9HWPm2hezgIBh4pELM4aCo=
github.com/Gentoo-zh/gentoozh-theme v0.3.6 h1:KzTkD8ZjUBJRIji7QwXcUAdZnGlqBLRgQmiY83UWXNU=
github.com/Gentoo-zh/gentoozh-theme v0.3.6/go.mod h1:o/R2klszEbaJH+qCftvCK9HWPm2hezgIBh4pELM4aCo=
github.com/Gentoo-zh/gentoozh-theme v0.3.7 h1:Jc6shZKaBwi4H91bp/7L7bFP4NPDV1hDWmsRRaW2PoI=
github.com/Gentoo-zh/gentoozh-theme v0.3.7/go.mod h1:o/R2klszEbaJH+qCftvCK9HWPm2hezgIBh4pELM4aCo=
github.com/Gentoo-zh/gentoozh-theme v0.3.8 h1:vWFdwPYEto4+slNPUvZQu0JOLp+ZCcQ7VmOlGI1uc20=
github.com/Gentoo-zh/gentoozh-theme v0.3.8/go.mod h1:o/R2klszEbaJH+qCftvCK9HWPm2hezgIBh4pELM4aCo=
github.com/Gentoo-zh/gentoozh-theme v0.3.9 h1:6eKAAxR75lbv2FH0TAvOs8gDTnsvbDAs+vyvmQ3mLK4=
github.com/Gentoo-zh/gentoozh-theme v0.3.9/go.mod h1:o/R2klszEbaJH+qCftvCK9HWPm2hezgIBh4pELM4aCo=
github.com/Gentoo-zh/gentoozh-theme v0.3.10 h1:T9uu405O/An+hUn6+wZyuog9E6VhG7cY6Apo9AghmDU=
github.com/Gentoo-zh/gentoozh-theme v0.3.10/go.mod h1:o/R2klszEbaJH+qCftvCK9HWPm2hezgIBh4pELM4aCo=
github.com/Gentoo-zh/gentoozh-theme v0.3.11 h1:sWJ3ugi3HI6ehNDVhenF1ouelcTEJdTIrJ4aVNZQXzs=
github.com/Gentoo-zh/gentoozh-theme v0.3.11/go.mod h1:o/R2klszEbaJH+qCftvCK9HWPm2hezgIBh4pELM4aCo=
github.com/Gentoo-zh/gentoozh-theme v0.3.12 h1:SRnkIYAVDxigyWXM1aUivlupndEoELdnKDdEbRdvYS4=
github.com/Gentoo-zh/gentoozh-theme v0.3.12/go.mod h1:o/R2klszEbaJH+qCftvCK9HWPm2hezgIBh4pELM4aCo=
github.com/Gentoo-zh/gentoozh-theme v0.3.13 h1:Hjgg6tuHkEjiI1qUvQwIAERNMe/VT809W4KVq6IzQh4=
github.com/Gentoo-zh/gentoozh-theme v0.3.13/go.mod h1:o/R2klszEbaJH+qCftvCK9HWPm2hezgIBh4pELM4aCo=
github.com/Gentoo-zh/gentoozh-theme v0.3.14 h1:Eom6glcYSVZSHsdAzxMFoUTDFA1k9UTPLvZc4rwZ4L8=
github.com/Gentoo-zh/gentoozh-theme v0.3.14/go.mod h1:o/R2klszEbaJH+qCftvCK9HWPm2hezgIBh4pELM4aCo=
github.com/imfing/hextra v0.12.3 h1:DZHY2rUWYteyzjlHi9r4n7Bb5e2Q+6LXe4C1Dqn0ZjM=
github.com/imfing/hextra v0.12.3/go.mod h1:vi+yhpq8YPp/aghvJlNKVnJKcPJ/VyAEcfC1BSV9ARo=
