github.com/Gentoo-zh/gentoozh-theme v0.2.0 h1:4oLDnuaN6ODU0S2eb9F9s6PzgVqS0p3S400QrNKGwlM=
github.com/Gentoo-zh/gentoozh-theme v0.2.0/go.mod h1:o/R2klszEbaJH+qCftvCK9HWPm2hezgIBh4pELM4aCo=
github.com/Gentoo-zh/gentoozh-theme v0.3.0 h1:PkXzHUvPHuuyC/q+urdJdzVMzV4fKP6Uot10kk/irfQ=
github.com/Gentoo-zh/gentoozh-theme v0.3.0/go.mod h1:o/R2klszEbaJH+qCftvCK9HWPm2hezgIBh4pELM4aCo=
github.com/Gentoo-zh/gentoozh-theme v0.3.1 h1:aLQC8rukZsiCvLIm7UrNMBTUrjjwQqLY4T7kb9N2vJs=
github.com/Gentoo-zh/gentoozh-theme v0.3.1/go.mod h1:o/R2klszEbaJH+qCftvCK9HWPm2hezgIBh4pELM4aCo=
github.com/Gentoo-zh/gentoozh-theme v0.3.2 h1:LZcyxUePZFHmq2+q/SdUtDhhlQ1veSsRT59Bnf/emGA=
github.com/Gentoo-zh/gentoozh-theme v0.3.2/go.mod h1:o/R2klszEbaJH+qCftvCK9HWPm2hezgIBh4pELM4aCo=
github.com/imfing/hextra v0.12.3 h1:DZHY2rUWYteyzjlHi9r4n7Bb5e2Q+6LXe4C1Dqn0ZjM=
github.com/imfing/hextra v0.12.3/go.mod h1:vi+yhpq8YPp/aghvJlNKVnJKcPJ/VyAEcfC1BSV9ARo=
